// !$*UTF8*$!
{
	archiveVersion = 1;
	classes = {
	};
	objectVersion = 50;
	objects = {

/* Begin PBXBuildFile section */
		17856011E3209765C939CD08 /* ProfileTabRouter.swift in Sources */ = {isa = PBXBuildFile; fileRef = 17856631462FF80CAFC9DBE3 /* ProfileTabRouter.swift */; };
		178560831DB92E6FE0F1E2F0 /* LoginInteractor.swift in Sources */ = {isa = PBXBuildFile; fileRef = 17856D427EF64FEB85BA8795 /* LoginInteractor.swift */; };
		17856219E00C68CF0D90374B /* ProfileTabProtocols.swift in Sources */ = {isa = PBXBuildFile; fileRef = 178568B04999935EC176F080 /* ProfileTabProtocols.swift */; };
		178562FEF6B40D04258A9D04 /* LoginView.xib in Resources */ = {isa = PBXBuildFile; fileRef = 17856B220FCF4571F4454F18 /* LoginView.xib */; };
		1785634CFE4A8A45A687B438 /* ProfileRouter.swift in Sources */ = {isa = PBXBuildFile; fileRef = 17856931789F72C5BA2698C8 /* ProfileRouter.swift */; };
		178563B63A58EB4E24DB9335 /* FeedProtocols.swift in Sources */ = {isa = PBXBuildFile; fileRef = 1785644C455B4F73929164B7 /* FeedProtocols.swift */; };
		1785642D5390048BB3CFF2CD /* LoginPresenter.swift in Sources */ = {isa = PBXBuildFile; fileRef = 17856729D58E8CC1725DB887 /* LoginPresenter.swift */; };
		1785647FD97749F0F964B317 /* LoginView.swift in Sources */ = {isa = PBXBuildFile; fileRef = 1785633EDB95672657AD0050 /* LoginView.swift */; };
		17856526F91BD27092CB2974 /* LoginProtocols.swift in Sources */ = {isa = PBXBuildFile; fileRef = 17856E2E06AB9FFE96F6A2CA /* LoginProtocols.swift */; };
		1785654E02F02F0B67BE493F /* FeedTabRouter.swift in Sources */ = {isa = PBXBuildFile; fileRef = 178566FBEF5B3D755D1144DD /* FeedTabRouter.swift */; };
		178565C43149DF28B887CAF7 /* TabBarProtocols.swift in Sources */ = {isa = PBXBuildFile; fileRef = 17856484BBAF76FC99AC46C2 /* TabBarProtocols.swift */; };
		178565E960A2B6A1112267E9 /* FeedTabAssembly.swift in Sources */ = {isa = PBXBuildFile; fileRef = 1785655C92B1FCBEF8324036 /* FeedTabAssembly.swift */; };
		1785661EA049CC25CAA5D495 /* ProfileProtocols.swift in Sources */ = {isa = PBXBuildFile; fileRef = 17856B3E3AA76C963B8A20B1 /* ProfileProtocols.swift */; };
		1785666821D16AC41CAEB528 /* RootInteractor.swift in Sources */ = {isa = PBXBuildFile; fileRef = 1785623D20C83E365041BCCC /* RootInteractor.swift */; };
		178566708840EDD14E7AE6A0 /* RootRouter.swift in Sources */ = {isa = PBXBuildFile; fileRef = 1785692AB373709E2B73C255 /* RootRouter.swift */; };
		178566A045F4AB4EEE0496FC /* RootView.swift in Sources */ = {isa = PBXBuildFile; fileRef = 178561E822E6F11F1AAC0556 /* RootView.swift */; };
		178567D34D1CA08BC590929A /* ProfileTabPresenter.swift in Sources */ = {isa = PBXBuildFile; fileRef = 178569585E8C5BF114D797B1 /* ProfileTabPresenter.swift */; };
		178567F2481C27CEB640DDB7 /* SettingsProtocols.swift in Sources */ = {isa = PBXBuildFile; fileRef = 178562E881A3AB7453D8E9D8 /* SettingsProtocols.swift */; };
		178567FCC658253F61E36D81 /* LoginAssembly.swift in Sources */ = {isa = PBXBuildFile; fileRef = 178567A6DB6F0856AF539A2D /* LoginAssembly.swift */; };
		178568302AD1D0D124A2EB3F /* TabBarView.swift in Sources */ = {isa = PBXBuildFile; fileRef = 17856992B83BA90820B6C281 /* TabBarView.swift */; };
		1785688F93DA520DDBAE4B23 /* TabBarPresenter.swift in Sources */ = {isa = PBXBuildFile; fileRef = 17856748C7A0694C045E4B62 /* TabBarPresenter.swift */; };
		178568BB7A82B3A88DAF3FF6 /* RootProtocols.swift in Sources */ = {isa = PBXBuildFile; fileRef = 17856FFB5AB26D33860C992B /* RootProtocols.swift */; };
		17856902D88B1AD7D686970A /* ProfileTabAssembly.swift in Sources */ = {isa = PBXBuildFile; fileRef = 17856C9A4EED5AF47DBC87A9 /* ProfileTabAssembly.swift */; };
		17856A5F573608AD90C219E6 /* LoginService.swift in Sources */ = {isa = PBXBuildFile; fileRef = 17856626A9667A479B3C026F /* LoginService.swift */; };
		17856A8AB19D8F8CA2FB2DFB /* SettingsInteractor.swift in Sources */ = {isa = PBXBuildFile; fileRef = 17856B6C0A667EE3B1EEC3CD /* SettingsInteractor.swift */; };
		17856AC607DE84A1AED232BD /* RootPresenter.swift in Sources */ = {isa = PBXBuildFile; fileRef = 1785622BDD97E8558CC9C156 /* RootPresenter.swift */; };
		17856BAF4BE027DCC5D35502 /* RootAssembly.swift in Sources */ = {isa = PBXBuildFile; fileRef = 17856CDD09BB5680203DC592 /* RootAssembly.swift */; };
		17856C2C719DEB8E35CA1784 /* FeedTabView.swift in Sources */ = {isa = PBXBuildFile; fileRef = 17856A590F21D3B59234D9EE /* FeedTabView.swift */; };
		17856D3A52EA786AC62D303E /* ProfileTabView.swift in Sources */ = {isa = PBXBuildFile; fileRef = 178566716F1BE7AC576F0F2D /* ProfileTabView.swift */; };
		17856E3E0E5654F7E9EC89AC /* FeedTabPresenter.swift in Sources */ = {isa = PBXBuildFile; fileRef = 178563555CB37798F09630B3 /* FeedTabPresenter.swift */; };
		17856F23236486C6B6246383 /* TabBarAssembly.swift in Sources */ = {isa = PBXBuildFile; fileRef = 17856641EF32E611F8B7CCC8 /* TabBarAssembly.swift */; };
		17856FC9AFD94635965D9FE4 /* FeedTabProtocols.swift in Sources */ = {isa = PBXBuildFile; fileRef = 17856970A024CA6E38FBBCF4 /* FeedTabProtocols.swift */; };
		41AA815522817B6000AFB22E /* AppDelegate.swift in Sources */ = {isa = PBXBuildFile; fileRef = 41AA815422817B6000AFB22E /* AppDelegate.swift */; };
		41AA815C22817B6100AFB22E /* Assets.xcassets in Resources */ = {isa = PBXBuildFile; fileRef = 41AA815B22817B6100AFB22E /* Assets.xcassets */; };
		41AC13162283131700D0A888 /* LaunchScreen.storyboard in Resources */ = {isa = PBXBuildFile; fileRef = 41AA815D22817B6100AFB22E /* LaunchScreen.storyboard */; };
		41E56532228363D5007ECBCC /* FeedPresenter.swift in Sources */ = {isa = PBXBuildFile; fileRef = 41E56531228363D5007ECBCC /* FeedPresenter.swift */; };
		41E565362283645D007ECBCC /* FeedAssembly.swift in Sources */ = {isa = PBXBuildFile; fileRef = 41E565352283645D007ECBCC /* FeedAssembly.swift */; };
		41E56539228818B3007ECBCC /* ProfilePresenter.swift in Sources */ = {isa = PBXBuildFile; fileRef = 41E56538228818B3007ECBCC /* ProfilePresenter.swift */; };
		41E5653D228818CC007ECBCC /* ProfileAssembly.swift in Sources */ = {isa = PBXBuildFile; fileRef = 41E5653C228818CC007ECBCC /* ProfileAssembly.swift */; };
		41E5655522885B5A007ECBCC /* ProfileView.swift in Sources */ = {isa = PBXBuildFile; fileRef = 41E5655322885B5A007ECBCC /* ProfileView.swift */; };
		41E5655622885B5A007ECBCC /* ProfileView.xib in Resources */ = {isa = PBXBuildFile; fileRef = 41E5655422885B5A007ECBCC /* ProfileView.xib */; };
		41E5655922885BDB007ECBCC /* FeedView.swift in Sources */ = {isa = PBXBuildFile; fileRef = 41E5655722885BDB007ECBCC /* FeedView.swift */; };
		41E5655A22885BDB007ECBCC /* FeedView.xib in Resources */ = {isa = PBXBuildFile; fileRef = 41E5655822885BDB007ECBCC /* FeedView.xib */; };
		41E5655C22885FBA007ECBCC /* LoginServiceTests.swift in Sources */ = {isa = PBXBuildFile; fileRef = 41E5655B22885FBA007ECBCC /* LoginServiceTests.swift */; };
		41E5655E228862CD007ECBCC /* RootPresenterTests.swift in Sources */ = {isa = PBXBuildFile; fileRef = 41E5655D228862CD007ECBCC /* RootPresenterTests.swift */; };
		41E5656522893B41007ECBCC /* SettingsAssembly.swift in Sources */ = {isa = PBXBuildFile; fileRef = 41E5656422893B41007ECBCC /* SettingsAssembly.swift */; };
		41E5656722893B4D007ECBCC /* SettingsPresenter.swift in Sources */ = {isa = PBXBuildFile; fileRef = 41E5656622893B4D007ECBCC /* SettingsPresenter.swift */; };
		41E5656A22893B5E007ECBCC /* SettingsView.swift in Sources */ = {isa = PBXBuildFile; fileRef = 41E5656822893B5E007ECBCC /* SettingsView.swift */; };
		41E5656B22893B5E007ECBCC /* SettingsView.xib in Resources */ = {isa = PBXBuildFile; fileRef = 41E5656922893B5E007ECBCC /* SettingsView.xib */; };
/* End PBXBuildFile section */

/* Begin PBXContainerItemProxy section */
		41AA816622817B6100AFB22E /* PBXContainerItemProxy */ = {
			isa = PBXContainerItemProxy;
			containerPortal = 41AA814922817B6000AFB22E /* Project object */;
			proxyType = 1;
			remoteGlobalIDString = 41AA815022817B6000AFB22E;
			remoteInfo = coordinators;
		};
/* End PBXContainerItemProxy section */

/* Begin PBXFileReference section */
		178561E822E6F11F1AAC0556 /* RootView.swift */ = {isa = PBXFileReference; fileEncoding = 4; lastKnownFileType = sourcecode.swift; path = RootView.swift; sourceTree = "<group>"; };
		1785622BDD97E8558CC9C156 /* RootPresenter.swift */ = {isa = PBXFileReference; fileEncoding = 4; lastKnownFileType = sourcecode.swift; path = RootPresenter.swift; sourceTree = "<group>"; };
		1785623D20C83E365041BCCC /* RootInteractor.swift */ = {isa = PBXFileReference; fileEncoding = 4; lastKnownFileType = sourcecode.swift; path = RootInteractor.swift; sourceTree = "<group>"; };
		178562E881A3AB7453D8E9D8 /* SettingsProtocols.swift */ = {isa = PBXFileReference; fileEncoding = 4; lastKnownFileType = sourcecode.swift; path = SettingsProtocols.swift; sourceTree = "<group>"; };
		1785633EDB95672657AD0050 /* LoginView.swift */ = {isa = PBXFileReference; fileEncoding = 4; lastKnownFileType = sourcecode.swift; path = LoginView.swift; sourceTree = "<group>"; };
		178563555CB37798F09630B3 /* FeedTabPresenter.swift */ = {isa = PBXFileReference; fileEncoding = 4; lastKnownFileType = sourcecode.swift; path = FeedTabPresenter.swift; sourceTree = "<group>"; };
		1785644C455B4F73929164B7 /* FeedProtocols.swift */ = {isa = PBXFileReference; fileEncoding = 4; lastKnownFileType = sourcecode.swift; path = FeedProtocols.swift; sourceTree = "<group>"; };
		17856484BBAF76FC99AC46C2 /* TabBarProtocols.swift */ = {isa = PBXFileReference; fileEncoding = 4; lastKnownFileType = sourcecode.swift; path = TabBarProtocols.swift; sourceTree = "<group>"; };
		1785655C92B1FCBEF8324036 /* FeedTabAssembly.swift */ = {isa = PBXFileReference; fileEncoding = 4; lastKnownFileType = sourcecode.swift; path = FeedTabAssembly.swift; sourceTree = "<group>"; };
		17856626A9667A479B3C026F /* LoginService.swift */ = {isa = PBXFileReference; fileEncoding = 4; lastKnownFileType = sourcecode.swift; path = LoginService.swift; sourceTree = "<group>"; };
		17856631462FF80CAFC9DBE3 /* ProfileTabRouter.swift */ = {isa = PBXFileReference; fileEncoding = 4; lastKnownFileType = sourcecode.swift; path = ProfileTabRouter.swift; sourceTree = "<group>"; };
		17856641EF32E611F8B7CCC8 /* TabBarAssembly.swift */ = {isa = PBXFileReference; fileEncoding = 4; lastKnownFileType = sourcecode.swift; path = TabBarAssembly.swift; sourceTree = "<group>"; };
		178566716F1BE7AC576F0F2D /* ProfileTabView.swift */ = {isa = PBXFileReference; fileEncoding = 4; lastKnownFileType = sourcecode.swift; path = ProfileTabView.swift; sourceTree = "<group>"; };
		178566FBEF5B3D755D1144DD /* FeedTabRouter.swift */ = {isa = PBXFileReference; fileEncoding = 4; lastKnownFileType = sourcecode.swift; path = FeedTabRouter.swift; sourceTree = "<group>"; };
		17856729D58E8CC1725DB887 /* LoginPresenter.swift */ = {isa = PBXFileReference; fileEncoding = 4; lastKnownFileType = sourcecode.swift; path = LoginPresenter.swift; sourceTree = "<group>"; };
		17856748C7A0694C045E4B62 /* TabBarPresenter.swift */ = {isa = PBXFileReference; fileEncoding = 4; lastKnownFileType = sourcecode.swift; path = TabBarPresenter.swift; sourceTree = "<group>"; };
		178567A6DB6F0856AF539A2D /* LoginAssembly.swift */ = {isa = PBXFileReference; fileEncoding = 4; lastKnownFileType = sourcecode.swift; path = LoginAssembly.swift; sourceTree = "<group>"; };
		178568B04999935EC176F080 /* ProfileTabProtocols.swift */ = {isa = PBXFileReference; fileEncoding = 4; lastKnownFileType = sourcecode.swift; path = ProfileTabProtocols.swift; sourceTree = "<group>"; };
		1785692AB373709E2B73C255 /* RootRouter.swift */ = {isa = PBXFileReference; fileEncoding = 4; lastKnownFileType = sourcecode.swift; path = RootRouter.swift; sourceTree = "<group>"; };
		17856931789F72C5BA2698C8 /* ProfileRouter.swift */ = {isa = PBXFileReference; fileEncoding = 4; lastKnownFileType = sourcecode.swift; path = ProfileRouter.swift; sourceTree = "<group>"; };
		178569585E8C5BF114D797B1 /* ProfileTabPresenter.swift */ = {isa = PBXFileReference; fileEncoding = 4; lastKnownFileType = sourcecode.swift; path = ProfileTabPresenter.swift; sourceTree = "<group>"; };
		17856970A024CA6E38FBBCF4 /* FeedTabProtocols.swift */ = {isa = PBXFileReference; fileEncoding = 4; lastKnownFileType = sourcecode.swift; path = FeedTabProtocols.swift; sourceTree = "<group>"; };
		17856992B83BA90820B6C281 /* TabBarView.swift */ = {isa = PBXFileReference; fileEncoding = 4; lastKnownFileType = sourcecode.swift; path = TabBarView.swift; sourceTree = "<group>"; };
		17856A590F21D3B59234D9EE /* FeedTabView.swift */ = {isa = PBXFileReference; fileEncoding = 4; lastKnownFileType = sourcecode.swift; path = FeedTabView.swift; sourceTree = "<group>"; };
		17856B220FCF4571F4454F18 /* LoginView.xib */ = {isa = PBXFileReference; lastKnownFileType = file.xib; path = LoginView.xib; sourceTree = "<group>"; };
		17856B3E3AA76C963B8A20B1 /* ProfileProtocols.swift */ = {isa = PBXFileReference; fileEncoding = 4; lastKnownFileType = sourcecode.swift; path = ProfileProtocols.swift; sourceTree = "<group>"; };
		17856B6C0A667EE3B1EEC3CD /* SettingsInteractor.swift */ = {isa = PBXFileReference; fileEncoding = 4; lastKnownFileType = sourcecode.swift; path = SettingsInteractor.swift; sourceTree = "<group>"; };
		17856C9A4EED5AF47DBC87A9 /* ProfileTabAssembly.swift */ = {isa = PBXFileReference; fileEncoding = 4; lastKnownFileType = sourcecode.swift; path = ProfileTabAssembly.swift; sourceTree = "<group>"; };
		17856CDD09BB5680203DC592 /* RootAssembly.swift */ = {isa = PBXFileReference; fileEncoding = 4; lastKnownFileType = sourcecode.swift; path = RootAssembly.swift; sourceTree = "<group>"; };
		17856D427EF64FEB85BA8795 /* LoginInteractor.swift */ = {isa = PBXFileReference; fileEncoding = 4; lastKnownFileType = sourcecode.swift; path = LoginInteractor.swift; sourceTree = "<group>"; };
		17856E2E06AB9FFE96F6A2CA /* LoginProtocols.swift */ = {isa = PBXFileReference; fileEncoding = 4; lastKnownFileType = sourcecode.swift; path = LoginProtocols.swift; sourceTree = "<group>"; };
		17856FFB5AB26D33860C992B /* RootProtocols.swift */ = {isa = PBXFileReference; fileEncoding = 4; lastKnownFileType = sourcecode.swift; path = RootProtocols.swift; sourceTree = "<group>"; };
		41AA815122817B6000AFB22E /* coordinators.app */ = {isa = PBXFileReference; explicitFileType = wrapper.application; includeInIndex = 0; path = coordinators.app; sourceTree = BUILT_PRODUCTS_DIR; };
		41AA815422817B6000AFB22E /* AppDelegate.swift */ = {isa = PBXFileReference; lastKnownFileType = sourcecode.swift; path = AppDelegate.swift; sourceTree = "<group>"; };
		41AA815B22817B6100AFB22E /* Assets.xcassets */ = {isa = PBXFileReference; lastKnownFileType = folder.assetcatalog; path = Assets.xcassets; sourceTree = "<group>"; };
		41AA815E22817B6100AFB22E /* Base */ = {isa = PBXFileReference; lastKnownFileType = file.storyboard; name = Base; path = Base.lproj/LaunchScreen.storyboard; sourceTree = "<group>"; };
		41AA816022817B6100AFB22E /* Info.plist */ = {isa = PBXFileReference; lastKnownFileType = text.plist.xml; path = Info.plist; sourceTree = "<group>"; };
		41AA816522817B6100AFB22E /* coordinatorsTests.xctest */ = {isa = PBXFileReference; explicitFileType = wrapper.cfbundle; includeInIndex = 0; path = coordinatorsTests.xctest; sourceTree = BUILT_PRODUCTS_DIR; };
		41AA816B22817B6100AFB22E /* Info.plist */ = {isa = PBXFileReference; lastKnownFileType = text.plist.xml; path = Info.plist; sourceTree = "<group>"; };
		41E56531228363D5007ECBCC /* FeedPresenter.swift */ = {isa = PBXFileReference; lastKnownFileType = sourcecode.swift; path = FeedPresenter.swift; sourceTree = "<group>"; };
		41E565352283645D007ECBCC /* FeedAssembly.swift */ = {isa = PBXFileReference; lastKnownFileType = sourcecode.swift; path = FeedAssembly.swift; sourceTree = "<group>"; };
		41E56538228818B3007ECBCC /* ProfilePresenter.swift */ = {isa = PBXFileReference; lastKnownFileType = sourcecode.swift; path = ProfilePresenter.swift; sourceTree = "<group>"; };
		41E5653C228818CC007ECBCC /* ProfileAssembly.swift */ = {isa = PBXFileReference; lastKnownFileType = sourcecode.swift; path = ProfileAssembly.swift; sourceTree = "<group>"; };
		41E5655322885B5A007ECBCC /* ProfileView.swift */ = {isa = PBXFileReference; lastKnownFileType = sourcecode.swift; path = ProfileView.swift; sourceTree = "<group>"; };
		41E5655422885B5A007ECBCC /* ProfileView.xib */ = {isa = PBXFileReference; lastKnownFileType = file.xib; path = ProfileView.xib; sourceTree = "<group>"; };
		41E5655722885BDB007ECBCC /* FeedView.swift */ = {isa = PBXFileReference; lastKnownFileType = sourcecode.swift; path = FeedView.swift; sourceTree = "<group>"; };
		41E5655822885BDB007ECBCC /* FeedView.xib */ = {isa = PBXFileReference; lastKnownFileType = file.xib; path = FeedView.xib; sourceTree = "<group>"; };
		41E5655B22885FBA007ECBCC /* LoginServiceTests.swift */ = {isa = PBXFileReference; lastKnownFileType = sourcecode.swift; path = LoginServiceTests.swift; sourceTree = "<group>"; };
		41E5655D228862CD007ECBCC /* RootPresenterTests.swift */ = {isa = PBXFileReference; lastKnownFileType = sourcecode.swift; path = RootPresenterTests.swift; sourceTree = "<group>"; };
		41E5656422893B41007ECBCC /* SettingsAssembly.swift */ = {isa = PBXFileReference; lastKnownFileType = sourcecode.swift; path = SettingsAssembly.swift; sourceTree = "<group>"; };
		41E5656622893B4D007ECBCC /* SettingsPresenter.swift */ = {isa = PBXFileReference; lastKnownFileType = sourcecode.swift; path = SettingsPresenter.swift; sourceTree = "<group>"; };
		41E5656822893B5E007ECBCC /* SettingsView.swift */ = {isa = PBXFileReference; lastKnownFileType = sourcecode.swift; path = SettingsView.swift; sourceTree = "<group>"; };
		41E5656922893B5E007ECBCC /* SettingsView.xib */ = {isa = PBXFileReference; lastKnownFileType = file.xib; path = SettingsView.xib; sourceTree = "<group>"; };
/* End PBXFileReference section */

/* Begin PBXFrameworksBuildPhase section */
		41AA814E22817B6000AFB22E /* Frameworks */ = {
			isa = PBXFrameworksBuildPhase;
			buildActionMask = 2147483647;
			files = (
			);
			runOnlyForDeploymentPostprocessing = 0;
		};
		41AA816222817B6100AFB22E /* Frameworks */ = {
			isa = PBXFrameworksBuildPhase;
			buildActionMask = 2147483647;
			files = (
			);
			runOnlyForDeploymentPostprocessing = 0;
		};
/* End PBXFrameworksBuildPhase section */

/* Begin PBXGroup section */
		17856011ADE9106362D459FE /* Services */ = {
			isa = PBXGroup;
			children = (
				17856626A9667A479B3C026F /* LoginService.swift */,
			);
			path = Services;
			sourceTree = "<group>";
		};
		178563FD675F41A9F06E537B /* TabBar */ = {
			isa = PBXGroup;
			children = (
				17856641EF32E611F8B7CCC8 /* TabBarAssembly.swift */,
				17856748C7A0694C045E4B62 /* TabBarPresenter.swift */,
				17856992B83BA90820B6C281 /* TabBarView.swift */,
				17856484BBAF76FC99AC46C2 /* TabBarProtocols.swift */,
			);
			path = TabBar;
			sourceTree = "<group>";
		};
		178564802FF70C3A01C9F10A /* Login */ = {
			isa = PBXGroup;
			children = (
				178567A6DB6F0856AF539A2D /* LoginAssembly.swift */,
				17856729D58E8CC1725DB887 /* LoginPresenter.swift */,
				1785633EDB95672657AD0050 /* LoginView.swift */,
				17856B220FCF4571F4454F18 /* LoginView.xib */,
				17856E2E06AB9FFE96F6A2CA /* LoginProtocols.swift */,
				17856D427EF64FEB85BA8795 /* LoginInteractor.swift */,
			);
			path = Login;
			sourceTree = "<group>";
		};
		1785672E332FBDE81D775C8F /* FeedTab */ = {
			isa = PBXGroup;
			children = (
				178566FBEF5B3D755D1144DD /* FeedTabRouter.swift */,
				178563555CB37798F09630B3 /* FeedTabPresenter.swift */,
				17856A590F21D3B59234D9EE /* FeedTabView.swift */,
				1785655C92B1FCBEF8324036 /* FeedTabAssembly.swift */,
				17856970A024CA6E38FBBCF4 /* FeedTabProtocols.swift */,
			);
			path = FeedTab;
			sourceTree = "<group>";
		};
		17856AA708B39F4A59B8568C /* ProfileTab */ = {
			isa = PBXGroup;
			children = (
				178566716F1BE7AC576F0F2D /* ProfileTabView.swift */,
				178568B04999935EC176F080 /* ProfileTabProtocols.swift */,
				17856631462FF80CAFC9DBE3 /* ProfileTabRouter.swift */,
				17856C9A4EED5AF47DBC87A9 /* ProfileTabAssembly.swift */,
				178569585E8C5BF114D797B1 /* ProfileTabPresenter.swift */,
			);
			path = ProfileTab;
			sourceTree = "<group>";
		};
		17856DF2056B45C85F44488B /* Root */ = {
			isa = PBXGroup;
			children = (
				17856CDD09BB5680203DC592 /* RootAssembly.swift */,
				1785622BDD97E8558CC9C156 /* RootPresenter.swift */,
				178561E822E6F11F1AAC0556 /* RootView.swift */,
				17856FFB5AB26D33860C992B /* RootProtocols.swift */,
				1785623D20C83E365041BCCC /* RootInteractor.swift */,
				1785692AB373709E2B73C255 /* RootRouter.swift */,
			);
			path = Root;
			sourceTree = "<group>";
		};
		41AA814822817B6000AFB22E = {
			isa = PBXGroup;
			children = (
				41AA815322817B6000AFB22E /* coordinators */,
				41AA816822817B6100AFB22E /* coordinatorsTests */,
				41AA815222817B6000AFB22E /* Products */,
			);
			sourceTree = "<group>";
		};
		41AA815222817B6000AFB22E /* Products */ = {
			isa = PBXGroup;
			children = (
				41AA815122817B6000AFB22E /* coordinators.app */,
				41AA816522817B6100AFB22E /* coordinatorsTests.xctest */,
			);
			name = Products;
			sourceTree = "<group>";
		};
		41AA815322817B6000AFB22E /* coordinators */ = {
			isa = PBXGroup;
			children = (
				41AA8174228180F400AFB22E /* App */,
				41AA81812281825100AFB22E /* Profile */,
				41E56526228324C7007ECBCC /* Feed */,
				41AA81752281815400AFB22E /* Resources */,
				178564802FF70C3A01C9F10A /* Login */,
				17856DF2056B45C85F44488B /* Root */,
				17856011ADE9106362D459FE /* Services */,
				178563FD675F41A9F06E537B /* TabBar */,
			);
			path = coordinators;
			sourceTree = "<group>";
		};
		41AA816822817B6100AFB22E /* coordinatorsTests */ = {
			isa = PBXGroup;
			children = (
				41E5655B22885FBA007ECBCC /* LoginServiceTests.swift */,
				41E5655D228862CD007ECBCC /* RootPresenterTests.swift */,
				41AA816B22817B6100AFB22E /* Info.plist */,
			);
			path = coordinatorsTests;
			sourceTree = "<group>";
		};
		41AA8174228180F400AFB22E /* App */ = {
			isa = PBXGroup;
			children = (
				41AA815422817B6000AFB22E /* AppDelegate.swift */,
			);
			path = App;
			sourceTree = "<group>";
		};
		41AA81752281815400AFB22E /* Resources */ = {
			isa = PBXGroup;
			children = (
				41AA815B22817B6100AFB22E /* Assets.xcassets */,
				41AA815D22817B6100AFB22E /* LaunchScreen.storyboard */,
				41AA816022817B6100AFB22E /* Info.plist */,
			);
			path = Resources;
			sourceTree = "<group>";
		};
		41AA81812281825100AFB22E /* Profile */ = {
			isa = PBXGroup;
			children = (
				41E5656322893B16007ECBCC /* Settings */,
				41E56537228818A0007ECBCC /* Profile */,
				17856AA708B39F4A59B8568C /* ProfileTab */,
			);
			path = Profile;
			sourceTree = "<group>";
		};
		41E56526228324C7007ECBCC /* Feed */ = {
			isa = PBXGroup;
			children = (
				41E5653022836375007ECBCC /* Feed */,
				1785672E332FBDE81D775C8F /* FeedTab */,
			);
			path = Feed;
			sourceTree = "<group>";
		};
		41E5653022836375007ECBCC /* Feed */ = {
			isa = PBXGroup;
			children = (
				41E565352283645D007ECBCC /* FeedAssembly.swift */,
				41E56531228363D5007ECBCC /* FeedPresenter.swift */,
				41E5655722885BDB007ECBCC /* FeedView.swift */,
				41E5655822885BDB007ECBCC /* FeedView.xib */,
				1785644C455B4F73929164B7 /* FeedProtocols.swift */,
			);
			path = Feed;
			sourceTree = "<group>";
		};
		41E56537228818A0007ECBCC /* Profile */ = {
			isa = PBXGroup;
			children = (
				41E5653C228818CC007ECBCC /* ProfileAssembly.swift */,
				41E56538228818B3007ECBCC /* ProfilePresenter.swift */,
				41E5655322885B5A007ECBCC /* ProfileView.swift */,
				41E5655422885B5A007ECBCC /* ProfileView.xib */,
				17856B3E3AA76C963B8A20B1 /* ProfileProtocols.swift */,
				17856931789F72C5BA2698C8 /* ProfileRouter.swift */,
			);
			path = Profile;
			sourceTree = "<group>";
		};
		41E5656322893B16007ECBCC /* Settings */ = {
			isa = PBXGroup;
			children = (
				41E5656422893B41007ECBCC /* SettingsAssembly.swift */,
				41E5656622893B4D007ECBCC /* SettingsPresenter.swift */,
				41E5656822893B5E007ECBCC /* SettingsView.swift */,
				41E5656922893B5E007ECBCC /* SettingsView.xib */,
				178562E881A3AB7453D8E9D8 /* SettingsProtocols.swift */,
				17856B6C0A667EE3B1EEC3CD /* SettingsInteractor.swift */,
			);
			path = Settings;
			sourceTree = "<group>";
		};
/* End PBXGroup section */

/* Begin PBXNativeTarget section */
		41AA815022817B6000AFB22E /* coordinators */ = {
			isa = PBXNativeTarget;
			buildConfigurationList = 41AA816E22817B6100AFB22E /* Build configuration list for PBXNativeTarget "coordinators" */;
			buildPhases = (
				41AA814D22817B6000AFB22E /* Sources */,
				41AA814E22817B6000AFB22E /* Frameworks */,
				41AA814F22817B6000AFB22E /* Resources */,
			);
			buildRules = (
			);
			dependencies = (
			);
			name = coordinators;
			productName = coordinators;
			productReference = 41AA815122817B6000AFB22E /* coordinators.app */;
			productType = "com.apple.product-type.application";
		};
		41AA816422817B6100AFB22E /* coordinatorsTests */ = {
			isa = PBXNativeTarget;
			buildConfigurationList = 41AA817122817B6100AFB22E /* Build configuration list for PBXNativeTarget "coordinatorsTests" */;
			buildPhases = (
				41AA816122817B6100AFB22E /* Sources */,
				41AA816222817B6100AFB22E /* Frameworks */,
				41AA816322817B6100AFB22E /* Resources */,
			);
			buildRules = (
			);
			dependencies = (
				41AA816722817B6100AFB22E /* PBXTargetDependency */,
			);
			name = coordinatorsTests;
			productName = coordinatorsTests;
			productReference = 41AA816522817B6100AFB22E /* coordinatorsTests.xctest */;
			productType = "com.apple.product-type.bundle.unit-test";
		};
/* End PBXNativeTarget section */

/* Begin PBXProject section */
		41AA814922817B6000AFB22E /* Project object */ = {
			isa = PBXProject;
			attributes = {
				LastSwiftUpdateCheck = 1020;
				LastUpgradeCheck = 1020;
				ORGANIZATIONNAME = ak;
				TargetAttributes = {
					41AA815022817B6000AFB22E = {
						CreatedOnToolsVersion = 10.2.1;
					};
					41AA816422817B6100AFB22E = {
						CreatedOnToolsVersion = 10.2.1;
						TestTargetID = 41AA815022817B6000AFB22E;
					};
				};
			};
			buildConfigurationList = 41AA814C22817B6000AFB22E /* Build configuration list for PBXProject "coordinators" */;
			compatibilityVersion = "Xcode 9.3";
			developmentRegion = en;
			hasScannedForEncodings = 0;
			knownRegions = (
				en,
				Base,
			);
			mainGroup = 41AA814822817B6000AFB22E;
			productRefGroup = 41AA815222817B6000AFB22E /* Products */;
			projectDirPath = "";
			projectRoot = "";
			targets = (
				41AA815022817B6000AFB22E /* coordinators */,
				41AA816422817B6100AFB22E /* coordinatorsTests */,
			);
		};
/* End PBXProject section */

/* Begin PBXResourcesBuildPhase section */
		41AA814F22817B6000AFB22E /* Resources */ = {
			isa = PBXResourcesBuildPhase;
			buildActionMask = 2147483647;
			files = (
				41AC13162283131700D0A888 /* LaunchScreen.storyboard in Resources */,
				41E5656B22893B5E007ECBCC /* SettingsView.xib in Resources */,
				41E5655A22885BDB007ECBCC /* FeedView.xib in Resources */,
				41AA815C22817B6100AFB22E /* Assets.xcassets in Resources */,
				41E5655622885B5A007ECBCC /* ProfileView.xib in Resources */,
				178562FEF6B40D04258A9D04 /* LoginView.xib in Resources */,
			);
			runOnlyForDeploymentPostprocessing = 0;
		};
		41AA816322817B6100AFB22E /* Resources */ = {
			isa = PBXResourcesBuildPhase;
			buildActionMask = 2147483647;
			files = (
			);
			runOnlyForDeploymentPostprocessing = 0;
		};
/* End PBXResourcesBuildPhase section */

/* Begin PBXSourcesBuildPhase section */
		41AA814D22817B6000AFB22E /* Sources */ = {
			isa = PBXSourcesBuildPhase;
			buildActionMask = 2147483647;
			files = (
				41E5655922885BDB007ECBCC /* FeedView.swift in Sources */,
				41E5656522893B41007ECBCC /* SettingsAssembly.swift in Sources */,
				41E56532228363D5007ECBCC /* FeedPresenter.swift in Sources */,
				41E5656722893B4D007ECBCC /* SettingsPresenter.swift in Sources */,
				41E5653D228818CC007ECBCC /* ProfileAssembly.swift in Sources */,
				41E5655522885B5A007ECBCC /* ProfileView.swift in Sources */,
				41E565362283645D007ECBCC /* FeedAssembly.swift in Sources */,
				41AA815522817B6000AFB22E /* AppDelegate.swift in Sources */,
				41E56539228818B3007ECBCC /* ProfilePresenter.swift in Sources */,
				41E5656A22893B5E007ECBCC /* SettingsView.swift in Sources */,
				178563B63A58EB4E24DB9335 /* FeedProtocols.swift in Sources */,
				1785661EA049CC25CAA5D495 /* ProfileProtocols.swift in Sources */,
				178567F2481C27CEB640DDB7 /* SettingsProtocols.swift in Sources */,
				1785634CFE4A8A45A687B438 /* ProfileRouter.swift in Sources */,
				17856A8AB19D8F8CA2FB2DFB /* SettingsInteractor.swift in Sources */,
				1785654E02F02F0B67BE493F /* FeedTabRouter.swift in Sources */,
				17856E3E0E5654F7E9EC89AC /* FeedTabPresenter.swift in Sources */,
				17856C2C719DEB8E35CA1784 /* FeedTabView.swift in Sources */,
				178565E960A2B6A1112267E9 /* FeedTabAssembly.swift in Sources */,
				17856FC9AFD94635965D9FE4 /* FeedTabProtocols.swift in Sources */,
				178567FCC658253F61E36D81 /* LoginAssembly.swift in Sources */,
				1785642D5390048BB3CFF2CD /* LoginPresenter.swift in Sources */,
				1785647FD97749F0F964B317 /* LoginView.swift in Sources */,
				17856526F91BD27092CB2974 /* LoginProtocols.swift in Sources */,
				178560831DB92E6FE0F1E2F0 /* LoginInteractor.swift in Sources */,
				17856D3A52EA786AC62D303E /* ProfileTabView.swift in Sources */,
				17856219E00C68CF0D90374B /* ProfileTabProtocols.swift in Sources */,
				17856011E3209765C939CD08 /* ProfileTabRouter.swift in Sources */,
				17856902D88B1AD7D686970A /* ProfileTabAssembly.swift in Sources */,
				178567D34D1CA08BC590929A /* ProfileTabPresenter.swift in Sources */,
				17856BAF4BE027DCC5D35502 /* RootAssembly.swift in Sources */,
				17856AC607DE84A1AED232BD /* RootPresenter.swift in Sources */,
				178566A045F4AB4EEE0496FC /* RootView.swift in Sources */,
				178568BB7A82B3A88DAF3FF6 /* RootProtocols.swift in Sources */,
				1785666821D16AC41CAEB528 /* RootInteractor.swift in Sources */,
				178566708840EDD14E7AE6A0 /* RootRouter.swift in Sources */,
				17856A5F573608AD90C219E6 /* LoginService.swift in Sources */,
				17856F23236486C6B6246383 /* TabBarAssembly.swift in Sources */,
				1785688F93DA520DDBAE4B23 /* TabBarPresenter.swift in Sources */,
				178568302AD1D0D124A2EB3F /* TabBarView.swift in Sources */,
				178565C43149DF28B887CAF7 /* TabBarProtocols.swift in Sources */,
			);
			runOnlyForDeploymentPostprocessing = 0;
		};
		41AA816122817B6100AFB22E /* Sources */ = {
			isa = PBXSourcesBuildPhase;
			buildActionMask = 2147483647;
			files = (
				41E5655E228862CD007ECBCC /* RootPresenterTests.swift in Sources */,
				41E5655C22885FBA007ECBCC /* LoginServiceTests.swift in Sources */,
			);
			runOnlyForDeploymentPostprocessing = 0;
		};
/* End PBXSourcesBuildPhase section */

/* Begin PBXTargetDependency section */
		41AA816722817B6100AFB22E /* PBXTargetDependency */ = {
			isa = PBXTargetDependency;
			target = 41AA815022817B6000AFB22E /* coordinators */;
			targetProxy = 41AA816622817B6100AFB22E /* PBXContainerItemProxy */;
		};
/* End PBXTargetDependency section */

/* Begin PBXVariantGroup section */
		41AA815D22817B6100AFB22E /* LaunchScreen.storyboard */ = {
			isa = PBXVariantGroup;
			children = (
				41AA815E22817B6100AFB22E /* Base */,
			);
			name = LaunchScreen.storyboard;
			sourceTree = "<group>";
		};
/* End PBXVariantGroup section */

/* Begin XCBuildConfiguration section */
		41AA816C22817B6100AFB22E /* Debug */ = {
			isa = XCBuildConfiguration;
			buildSettings = {
				ALWAYS_SEARCH_USER_PATHS = NO;
				CLANG_ANALYZER_NONNULL = YES;
				CLANG_ANALYZER_NUMBER_OBJECT_CONVERSION = YES_AGGRESSIVE;
				CLANG_CXX_LANGUAGE_STANDARD = "gnu++14";
				CLANG_CXX_LIBRARY = "libc++";
				CLANG_ENABLE_MODULES = YES;
				CLANG_ENABLE_OBJC_ARC = YES;
				CLANG_ENABLE_OBJC_WEAK = YES;
				CLANG_WARN_BLOCK_CAPTURE_AUTORELEASING = YES;
				CLANG_WARN_BOOL_CONVERSION = YES;
				CLANG_WARN_COMMA = YES;
				CLANG_WARN_CONSTANT_CONVERSION = YES;
				CLANG_WARN_DEPRECATED_OBJC_IMPLEMENTATIONS = YES;
				CLANG_WARN_DIRECT_OBJC_ISA_USAGE = YES_ERROR;
				CLANG_WARN_DOCUMENTATION_COMMENTS = YES;
				CLANG_WARN_EMPTY_BODY = YES;
				CLANG_WARN_ENUM_CONVERSION = YES;
				CLANG_WARN_INFINITE_RECURSION = YES;
				CLANG_WARN_INT_CONVERSION = YES;
				CLANG_WARN_NON_LITERAL_NULL_CONVERSION = YES;
				CLANG_WARN_OBJC_IMPLICIT_RETAIN_SELF = YES;
				CLANG_WARN_OBJC_LITERAL_CONVERSION = YES;
				CLANG_WARN_OBJC_ROOT_CLASS = YES_ERROR;
				CLANG_WARN_RANGE_LOOP_ANALYSIS = YES;
				CLANG_WARN_STRICT_PROTOTYPES = YES;
				CLANG_WARN_SUSPICIOUS_MOVE = YES;
				CLANG_WARN_UNGUARDED_AVAILABILITY = YES_AGGRESSIVE;
				CLANG_WARN_UNREACHABLE_CODE = YES;
				CLANG_WARN__DUPLICATE_METHOD_MATCH = YES;
				CODE_SIGN_IDENTITY = "iPhone Developer";
				COPY_PHASE_STRIP = NO;
				DEBUG_INFORMATION_FORMAT = dwarf;
				ENABLE_STRICT_OBJC_MSGSEND = YES;
				ENABLE_TESTABILITY = YES;
				GCC_C_LANGUAGE_STANDARD = gnu11;
				GCC_DYNAMIC_NO_PIC = NO;
				GCC_NO_COMMON_BLOCKS = YES;
				GCC_OPTIMIZATION_LEVEL = 0;
				GCC_PREPROCESSOR_DEFINITIONS = (
					"DEBUG=1",
					"$(inherited)",
				);
				GCC_WARN_64_TO_32_BIT_CONVERSION = YES;
				GCC_WARN_ABOUT_RETURN_TYPE = YES_ERROR;
				GCC_WARN_UNDECLARED_SELECTOR = YES;
				GCC_WARN_UNINITIALIZED_AUTOS = YES_AGGRESSIVE;
				GCC_WARN_UNUSED_FUNCTION = YES;
				GCC_WARN_UNUSED_VARIABLE = YES;
				IPHONEOS_DEPLOYMENT_TARGET = 12.2;
				MTL_ENABLE_DEBUG_INFO = INCLUDE_SOURCE;
				MTL_FAST_MATH = YES;
				ONLY_ACTIVE_ARCH = YES;
				SDKROOT = iphoneos;
				SWIFT_ACTIVE_COMPILATION_CONDITIONS = DEBUG;
				SWIFT_OPTIMIZATION_LEVEL = "-Onone";
			};
			name = Debug;
		};
		41AA816D22817B6100AFB22E /* Release */ = {
			isa = XCBuildConfiguration;
			buildSettings = {
				ALWAYS_SEARCH_USER_PATHS = NO;
				CLANG_ANALYZER_NONNULL = YES;
				CLANG_ANALYZER_NUMBER_OBJECT_CONVERSION = YES_AGGRESSIVE;
				CLANG_CXX_LANGUAGE_STANDARD = "gnu++14";
				CLANG_CXX_LIBRARY = "libc++";
				CLANG_ENABLE_MODULES = YES;
				CLANG_ENABLE_OBJC_ARC = YES;
				CLANG_ENABLE_OBJC_WEAK = YES;
				CLANG_WARN_BLOCK_CAPTURE_AUTORELEASING = YES;
				CLANG_WARN_BOOL_CONVERSION = YES;
				CLANG_WARN_COMMA = YES;
				CLANG_WARN_CONSTANT_CONVERSION = YES;
				CLANG_WARN_DEPRECATED_OBJC_IMPLEMENTATIONS = YES;
				CLANG_WARN_DIRECT_OBJC_ISA_USAGE = YES_ERROR;
				CLANG_WARN_DOCUMENTATION_COMMENTS = YES;
				CLANG_WARN_EMPTY_BODY = YES;
				CLANG_WARN_ENUM_CONVERSION = YES;
				CLANG_WARN_INFINITE_RECURSION = YES;
				CLANG_WARN_INT_CONVERSION = YES;
				CLANG_WARN_NON_LITERAL_NULL_CONVERSION = YES;
				CLANG_WARN_OBJC_IMPLICIT_RETAIN_SELF = YES;
				CLANG_WARN_OBJC_LITERAL_CONVERSION = YES;
				CLANG_WARN_OBJC_ROOT_CLASS = YES_ERROR;
				CLANG_WARN_RANGE_LOOP_ANALYSIS = YES;
				CLANG_WARN_STRICT_PROTOTYPES = YES;
				CLANG_WARN_SUSPICIOUS_MOVE = YES;
				CLANG_WARN_UNGUARDED_AVAILABILITY = YES_AGGRESSIVE;
				CLANG_WARN_UNREACHABLE_CODE = YES;
				CLANG_WARN__DUPLICATE_METHOD_MATCH = YES;
				CODE_SIGN_IDENTITY = "iPhone Developer";
				COPY_PHASE_STRIP = NO;
				DEBUG_INFORMATION_FORMAT = "dwarf-with-dsym";
				ENABLE_NS_ASSERTIONS = NO;
				ENABLE_STRICT_OBJC_MSGSEND = YES;
				GCC_C_LANGUAGE_STANDARD = gnu11;
				GCC_NO_COMMON_BLOCKS = YES;
				GCC_WARN_64_TO_32_BIT_CONVERSION = YES;
				GCC_WARN_ABOUT_RETURN_TYPE = YES_ERROR;
				GCC_WARN_UNDECLARED_SELECTOR = YES;
				GCC_WARN_UNINITIALIZED_AUTOS = YES_AGGRESSIVE;
				GCC_WARN_UNUSED_FUNCTION = YES;
				GCC_WARN_UNUSED_VARIABLE = YES;
				IPHONEOS_DEPLOYMENT_TARGET = 12.2;
				MTL_ENABLE_DEBUG_INFO = NO;
				MTL_FAST_MATH = YES;
				SDKROOT = iphoneos;
				SWIFT_COMPILATION_MODE = wholemodule;
				SWIFT_OPTIMIZATION_LEVEL = "-O";
				VALIDATE_PRODUCT = YES;
			};
			name = Release;
		};
		41AA816F22817B6100AFB22E /* Debug */ = {
			isa = XCBuildConfiguration;
			buildSettings = {
				ASSETCATALOG_COMPILER_APPICON_NAME = AppIcon;
				ASSETCATALOG_COMPILER_LAUNCHIMAGE_NAME = LaunchImage;
				CODE_SIGN_STYLE = Automatic;
				INFOPLIST_FILE = "$(SRCROOT)/coordinators/Resources/Info.plist";
				LD_RUNPATH_SEARCH_PATHS = (
					"$(inherited)",
					"@executable_path/Frameworks",
				);
				PRODUCT_BUNDLE_IDENTIFIER = ak.coordinators;
				PRODUCT_NAME = "$(TARGET_NAME)";
				SWIFT_VERSION = 5.0;
				TARGETED_DEVICE_FAMILY = 1;
			};
			name = Debug;
		};
		41AA817022817B6100AFB22E /* Release */ = {
			isa = XCBuildConfiguration;
			buildSettings = {
				ASSETCATALOG_COMPILER_APPICON_NAME = AppIcon;
				ASSETCATALOG_COMPILER_LAUNCHIMAGE_NAME = LaunchImage;
				CODE_SIGN_STYLE = Automatic;
				INFOPLIST_FILE = "$(SRCROOT)/coordinators/Resources/Info.plist";
				LD_RUNPATH_SEARCH_PATHS = (
					"$(inherited)",
					"@executable_path/Frameworks",
				);
				PRODUCT_BUNDLE_IDENTIFIER = ak.coordinators;
				PRODUCT_NAME = "$(TARGET_NAME)";
				SWIFT_VERSION = 5.0;
				TARGETED_DEVICE_FAMILY = 1;
			};
			name = Release;
		};
		41AA817222817B6100AFB22E /* Debug */ = {
			isa = XCBuildConfiguration;
			buildSettings = {
				ALWAYS_EMBED_SWIFT_STANDARD_LIBRARIES = YES;
				BUNDLE_LOADER = "$(TEST_HOST)";
				CODE_SIGN_STYLE = Automatic;
				INFOPLIST_FILE = coordinatorsTests/Info.plist;
				LD_RUNPATH_SEARCH_PATHS = (
					"$(inherited)",
					"@executable_path/Frameworks",
					"@loader_path/Frameworks",
				);
				PRODUCT_BUNDLE_IDENTIFIER = ak.coordinatorsTests;
				PRODUCT_NAME = "$(TARGET_NAME)";
				SWIFT_VERSION = 5.0;
				TARGETED_DEVICE_FAMILY = "1,2";
				TEST_HOST = "$(BUILT_PRODUCTS_DIR)/coordinators.app/coordinators";
			};
			name = Debug;
		};
		41AA817322817B6100AFB22E /* Release */ = {
			isa = XCBuildConfiguration;
			buildSettings = {
				ALWAYS_EMBED_SWIFT_STANDARD_LIBRARIES = YES;
				BUNDLE_LOADER = "$(TEST_HOST)";
				CODE_SIGN_STYLE = Automatic;
				INFOPLIST_FILE = coordinatorsTests/Info.plist;
				LD_RUNPATH_SEARCH_PATHS = (
					"$(inherited)",
					"@executable_path/Frameworks",
					"@loader_path/Frameworks",
				);
				PRODUCT_BUNDLE_IDENTIFIER = ak.coordinatorsTests;
				PRODUCT_NAME = "$(TARGET_NAME)";
				SWIFT_VERSION = 5.0;
				TARGETED_DEVICE_FAMILY = "1,2";
				TEST_HOST = "$(BUILT_PRODUCTS_DIR)/coordinators.app/coordinators";
			};
			name = Release;
		};
/* End XCBuildConfiguration section */

/* Begin XCConfigurationList section */
		41AA814C22817B6000AFB22E /* Build configuration list for PBXProject "coordinators" */ = {
			isa = XCConfigurationList;
			buildConfigurations = (
				41AA816C22817B6100AFB22E /* Debug */,
				41AA816D22817B6100AFB22E /* Release */,
			);
			defaultConfigurationIsVisible = 0;
			defaultConfigurationName = Release;
		};
		41AA816E22817B6100AFB22E /* Build configuration list for PBXNativeTarget "coordinators" */ = {
			isa = XCConfigurationList;
			buildConfigurations = (
				41AA816F22817B6100AFB22E /* Debug */,
				41AA817022817B6100AFB22E /* Release */,
			);
			defaultConfigurationIsVisible = 0;
			defaultConfigurationName = Release;
		};
		41AA817122817B6100AFB22E /* Build configuration list for PBXNativeTarget "coordinatorsTests" */ = {
			isa = XCConfigurationList;
			buildConfigurations = (
				41AA817222817B6100AFB22E /* Debug */,
				41AA817322817B6100AFB22E /* Release */,
			);
			defaultConfigurationIsVisible = 0;
			defaultConfigurationName = Release;
		};
/* End XCConfigurationList section */
	};
	rootObject = 41AA814922817B6000AFB22E /* Project object */;
}
